
Microsoft Visual Studio Solution File, Format Version 12.00
# Visual Studio Version 17
VisualStudioVersion = 17.14.36603.0 d17.14
MinimumVisualStudioVersion = 10.0.40219.1
Project("{FAE04EC0-301F-11D3-BF4B-00C04F79EFBC}") = "翻译工具", "翻译工具\翻译工具.csproj", "{4995FB22-2E89-4B2D-A9CF-D5BEBC5484BE}"
EndProject
Global
	GlobalSection(SolutionConfigurationPlatforms) = preSolution
		Debug|Any CPU = Debug|Any CPU
		Release|Any CPU = Release|Any CPU
	EndGlobalSection
	GlobalSection(ProjectConfigurationPlatforms) = postSolution
		{4995FB22-2E89-4B2D-A9CF-D5BEBC5484BE}.Debug|Any CPU.ActiveCfg = Debug|Any CPU
		{4995FB22-2E89-4B2D-A9CF-D5BEBC5484BE}.Debug|Any CPU.Build.0 = Debug|Any CPU
		{4995FB22-2E89-4B2D-A9CF-D5BEBC5484BE}.Release|Any CPU.ActiveCfg = Release|Any CPU
		{4995FB22-2E89-4B2D-A9CF-D5BEBC5484BE}.Release|Any CPU.Build.0 = Release|Any CPU
	EndGlobalSection
	GlobalSection(SolutionProperties) = preSolution
		HideSolutionNode = FALSE
	EndGlobalSection
	GlobalSection(ExtensibilityGlobals) = postSolution
		SolutionGuid = {8CD58199-8590-4D95-85FD-8983B4E0AF4B}
	EndGlobalSection
EndGlobal
